
Microsoft Visual Studio Solution File, Format Version 12.00
# Visual Studio Version 16
VisualStudioVersion = 16.0.31702.278
MinimumVisualStudioVersion = 10.0.40219.1
Project("{2150E333-8FDC-42A3-9474-1A3956D46DE8}") = "Api.Web", "Api.Web", "{C26D77AD-7BF1-434B-9F6C-C756F59F8DFF}"
EndProject
Project("{FAE04EC0-301F-11D3-BF4B-00C04F79EFBC}") = "Api.Web", "src\Api.Web\Api.Web\Api.Web.csproj", "{A54BAB77-11D3-4797-AF0A-B1282653B8F9}"
EndProject
Global
	GlobalSection(SolutionConfigurationPlatforms) = preSolution
		Debug|Any CPU = Debug|Any CPU
		Release|Any CPU = Release|Any CPU
	EndGlobalSection
	GlobalSection(ProjectConfigurationPlatforms) = postSolution
		{A54BAB77-11D3-4797-AF0A-B1282653B8F9}.Debug|Any CPU.ActiveCfg = Debug|Any CPU
		{A54BAB77-11D3-4797-AF0A-B1282653B8F9}.Debug|Any CPU.Build.0 = Debug|Any CPU
		{A54BAB77-11D3-4797-AF0A-B1282653B8F9}.Release|Any CPU.ActiveCfg = Release|Any CPU
		{A54BAB77-11D3-4797-AF0A-B1282653B8F9}.Release|Any CPU.Build.0 = Release|Any CPU
	EndGlobalSection
	GlobalSection(SolutionProperties) = preSolution
		HideSolutionNode = FALSE
	EndGlobalSection
	GlobalSection(NestedProjects) = preSolution
		{A54BAB77-11D3-4797-AF0A-B1282653B8F9} = {C26D77AD-7BF1-434B-9F6C-C756F59F8DFF}
	EndGlobalSection
	GlobalSection(ExtensibilityGlobals) = postSolution
		SolutionGuid = {6D6B352D-4C03-4E06-A292-4A4370D25784}
	EndGlobalSection
EndGlobal
